// !$*UTF8*$!
{
	archiveVersion = 1;
	classes = {
	};
	objectVersion = 55;
	objects = {

/* Begin PBXBuildFile section */
		A3D65AB33E5E0169C653AC9A /* Pods_InstagramFirestoreTutorial.framework in Frameworks */ = {isa = PBXBuildFile; fileRef = 9C8696CC205D3A42BC3D458F /* Pods_InstagramFirestoreTutorial.framework */; };
		D0156698278C18AE00F4277B /* ProfileCell.swift in Sources */ = {isa = PBXBuildFile; fileRef = D0156697278C18AE00F4277B /* ProfileCell.swift */; };
		D015669A278C18BE00F4277B /* ProfileHeader.swift in Sources */ = {isa = PBXBuildFile; fileRef = D0156699278C18BE00F4277B /* ProfileHeader.swift */; };
		D07841DA278DBFA0006163F0 /* UserService.swift in Sources */ = {isa = PBXBuildFile; fileRef = D07841D9278DBFA0006163F0 /* UserService.swift */; };
		D07841DC278DBFEA006163F0 /* Constants.swift in Sources */ = {isa = PBXBuildFile; fileRef = D07841DB278DBFEA006163F0 /* Constants.swift */; };
		D07841DE278DC1F3006163F0 /* Users.swift in Sources */ = {isa = PBXBuildFile; fileRef = D07841DD278DC1F3006163F0 /* Users.swift */; };
		D07B1FDA27907E470010E0F0 /* ProfileHeaderViewModel.swift in Sources */ = {isa = PBXBuildFile; fileRef = D07B1FD927907E470010E0F0 /* ProfileHeaderViewModel.swift */; };
		D07C04FF2787458C00B9E986 /* GoogleService-Info.plist in Resources */ = {isa = PBXBuildFile; fileRef = D07C04FE2787458C00B9E986 /* GoogleService-Info.plist */; };
		D07C0501278886F300B9E986 /* AuthService.swift in Sources */ = {isa = PBXBuildFile; fileRef = D07C0500278886F300B9E986 /* AuthService.swift */; };
		D07C05032788870900B9E986 /* ImageUploader.swift in Sources */ = {isa = PBXBuildFile; fileRef = D07C05022788870900B9E986 /* ImageUploader.swift */; };
		D086DAF727A1930E00DC662D /* UserCell.swift in Sources */ = {isa = PBXBuildFile; fileRef = D086DAF627A1930E00DC662D /* UserCell.swift */; };
		D087F320278201ED006F620B /* FeedCell.swift in Sources */ = {isa = PBXBuildFile; fileRef = D087F31F278201ED006F620B /* FeedCell.swift */; };
		D087F322278202F4006F620B /* Extensions.swift in Sources */ = {isa = PBXBuildFile; fileRef = D087F321278202F4006F620B /* Extensions.swift */; };
		D087F32D278424BA006F620B /* LoginController.swift in Sources */ = {isa = PBXBuildFile; fileRef = D087F32C278424BA006F620B /* LoginController.swift */; };
		D087F32F278424CA006F620B /* RegistrationController.swift in Sources */ = {isa = PBXBuildFile; fileRef = D087F32E278424CA006F620B /* RegistrationController.swift */; };
		D087F333278484E4006F620B /* CustomTextField.swift in Sources */ = {isa = PBXBuildFile; fileRef = D087F332278484E4006F620B /* CustomTextField.swift */; };
		D087F3442785E550006F620B /* AuthenticationViewModel.swift in Sources */ = {isa = PBXBuildFile; fileRef = D087F3432785E550006F620B /* AuthenticationViewModel.swift */; };
		D0A6B00D277DE18B007B198B /* AppDelegate.swift in Sources */ = {isa = PBXBuildFile; fileRef = D0A6B00C277DE18B007B198B /* AppDelegate.swift */; };
		D0A6B00F277DE18B007B198B /* SceneDelegate.swift in Sources */ = {isa = PBXBuildFile; fileRef = D0A6B00E277DE18B007B198B /* SceneDelegate.swift */; };
		D0A6B011277DE18B007B198B /* ViewController.swift in Sources */ = {isa = PBXBuildFile; fileRef = D0A6B010277DE18B007B198B /* ViewController.swift */; };
		D0A6B014277DE18B007B198B /* Main.storyboard in Resources */ = {isa = PBXBuildFile; fileRef = D0A6B012277DE18B007B198B /* Main.storyboard */; };
		D0A6B019277DE193007B198B /* LaunchScreen.storyboard in Resources */ = {isa = PBXBuildFile; fileRef = D0A6B017277DE193007B198B /* LaunchScreen.storyboard */; };
		D0A6B02A277DE297007B198B /* MainTabController.swift in Sources */ = {isa = PBXBuildFile; fileRef = D0A6B029277DE297007B198B /* MainTabController.swift */; };
		D0A6B02C277DE6A8007B198B /* FeedController.swift in Sources */ = {isa = PBXBuildFile; fileRef = D0A6B02B277DE6A8007B198B /* FeedController.swift */; };
		D0A6B02E277DE6CA007B198B /* SearchController.swift in Sources */ = {isa = PBXBuildFile; fileRef = D0A6B02D277DE6CA007B198B /* SearchController.swift */; };
		D0A6B030277DE6DB007B198B /* ImageSelectorController.swift in Sources */ = {isa = PBXBuildFile; fileRef = D0A6B02F277DE6DA007B198B /* ImageSelectorController.swift */; };
		D0A6B032277DE6EB007B198B /* NotificationController.swift in Sources */ = {isa = PBXBuildFile; fileRef = D0A6B031277DE6EB007B198B /* NotificationController.swift */; };
		D0A6B034277DE703007B198B /* ProfileController.swift in Sources */ = {isa = PBXBuildFile; fileRef = D0A6B033277DE703007B198B /* ProfileController.swift */; };
		D0A6B036277DED64007B198B /* Assets.xcassets in Resources */ = {isa = PBXBuildFile; fileRef = D0A6B035277DED63007B198B /* Assets.xcassets */; };
		D0B0DA1A27A595A7003C6EBC /* UserCellViewModel.swift in Sources */ = {isa = PBXBuildFile; fileRef = D0B0DA1927A595A7003C6EBC /* UserCellViewModel.swift */; };
/* End PBXBuildFile section */

/* Begin PBXFileReference section */
		9C8696CC205D3A42BC3D458F /* Pods_InstagramFirestoreTutorial.framework */ = {isa = PBXFileReference; explicitFileType = wrapper.framework; includeInIndex = 0; path = Pods_InstagramFirestoreTutorial.framework; sourceTree = BUILT_PRODUCTS_DIR; };
		B8DB735D10E0B62EC65B1B75 /* Pods-InstagramFirestoreTutorial.debug.xcconfig */ = {isa = PBXFileReference; includeInIndex = 1; lastKnownFileType = text.xcconfig; name = "Pods-InstagramFirestoreTutorial.debug.xcconfig"; path = "Target Support Files/Pods-InstagramFirestoreTutorial/Pods-InstagramFirestoreTutorial.debug.xcconfig"; sourceTree = "<group>"; };
		D0156697278C18AE00F4277B /* ProfileCell.swift */ = {isa = PBXFileReference; lastKnownFileType = sourcecode.swift; path = ProfileCell.swift; sourceTree = "<group>"; };
		D0156699278C18BE00F4277B /* ProfileHeader.swift */ = {isa = PBXFileReference; lastKnownFileType = sourcecode.swift; path = ProfileHeader.swift; sourceTree = "<group>"; };
		D07841D9278DBFA0006163F0 /* UserService.swift */ = {isa = PBXFileReference; lastKnownFileType = sourcecode.swift; path = UserService.swift; sourceTree = "<group>"; };
		D07841DB278DBFEA006163F0 /* Constants.swift */ = {isa = PBXFileReference; lastKnownFileType = sourcecode.swift; path = Constants.swift; sourceTree = "<group>"; };
		D07841DD278DC1F3006163F0 /* Users.swift */ = {isa = PBXFileReference; lastKnownFileType = sourcecode.swift; path = Users.swift; sourceTree = "<group>"; };
		D07B1FD927907E470010E0F0 /* ProfileHeaderViewModel.swift */ = {isa = PBXFileReference; lastKnownFileType = sourcecode.swift; path = ProfileHeaderViewModel.swift; sourceTree = "<group>"; };
		D07C04FE2787458C00B9E986 /* GoogleService-Info.plist */ = {isa = PBXFileReference; fileEncoding = 4; lastKnownFileType = text.plist.xml; path = "GoogleService-Info.plist"; sourceTree = "<group>"; };
		D07C0500278886F300B9E986 /* AuthService.swift */ = {isa = PBXFileReference; lastKnownFileType = sourcecode.swift; path = AuthService.swift; sourceTree = "<group>"; };
		D07C05022788870900B9E986 /* ImageUploader.swift */ = {isa = PBXFileReference; lastKnownFileType = sourcecode.swift; path = ImageUploader.swift; sourceTree = "<group>"; };
		D086DAF627A1930E00DC662D /* UserCell.swift */ = {isa = PBXFileReference; lastKnownFileType = sourcecode.swift; path = UserCell.swift; sourceTree = "<group>"; };
		D087F31F278201ED006F620B /* FeedCell.swift */ = {isa = PBXFileReference; lastKnownFileType = sourcecode.swift; path = FeedCell.swift; sourceTree = "<group>"; };
		D087F321278202F4006F620B /* Extensions.swift */ = {isa = PBXFileReference; fileEncoding = 4; lastKnownFileType = sourcecode.swift; path = Extensions.swift; sourceTree = "<group>"; };
		D087F32C278424BA006F620B /* LoginController.swift */ = {isa = PBXFileReference; lastKnownFileType = sourcecode.swift; path = LoginController.swift; sourceTree = "<group>"; };
		D087F32E278424CA006F620B /* RegistrationController.swift */ = {isa = PBXFileReference; lastKnownFileType = sourcecode.swift; path = RegistrationController.swift; sourceTree = "<group>"; };
		D087F332278484E4006F620B /* CustomTextField.swift */ = {isa = PBXFileReference; lastKnownFileType = sourcecode.swift; path = CustomTextField.swift; sourceTree = "<group>"; };
		D087F3432785E550006F620B /* AuthenticationViewModel.swift */ = {isa = PBXFileReference; lastKnownFileType = sourcecode.swift; path = AuthenticationViewModel.swift; sourceTree = "<group>"; };
		D0A6B009277DE18B007B198B /* InstagramFirestoreTutorial.app */ = {isa = PBXFileReference; explicitFileType = wrapper.application; includeInIndex = 0; path = InstagramFirestoreTutorial.app; sourceTree = BUILT_PRODUCTS_DIR; };
		D0A6B00C277DE18B007B198B /* AppDelegate.swift */ = {isa = PBXFileReference; lastKnownFileType = sourcecode.swift; path = AppDelegate.swift; sourceTree = "<group>"; };
		D0A6B00E277DE18B007B198B /* SceneDelegate.swift */ = {isa = PBXFileReference; lastKnownFileType = sourcecode.swift; path = SceneDelegate.swift; sourceTree = "<group>"; };
		D0A6B010277DE18B007B198B /* ViewController.swift */ = {isa = PBXFileReference; lastKnownFileType = sourcecode.swift; path = ViewController.swift; sourceTree = "<group>"; };
		D0A6B013277DE18B007B198B /* Base */ = {isa = PBXFileReference; lastKnownFileType = file.storyboard; name = Base; path = Base.lproj/Main.storyboard; sourceTree = "<group>"; };
		D0A6B018277DE193007B198B /* Base */ = {isa = PBXFileReference; lastKnownFileType = file.storyboard; name = Base; path = Base.lproj/LaunchScreen.storyboard; sourceTree = "<group>"; };
		D0A6B01A277DE193007B198B /* Info.plist */ = {isa = PBXFileReference; lastKnownFileType = text.plist.xml; path = Info.plist; sourceTree = "<group>"; };
		D0A6B029277DE297007B198B /* MainTabController.swift */ = {isa = PBXFileReference; lastKnownFileType = sourcecode.swift; path = MainTabController.swift; sourceTree = "<group>"; };
		D0A6B02B277DE6A8007B198B /* FeedController.swift */ = {isa = PBXFileReference; lastKnownFileType = sourcecode.swift; path = FeedController.swift; sourceTree = "<group>"; };
		D0A6B02D277DE6CA007B198B /* SearchController.swift */ = {isa = PBXFileReference; lastKnownFileType = sourcecode.swift; path = SearchController.swift; sourceTree = "<group>"; };
		D0A6B02F277DE6DA007B198B /* ImageSelectorController.swift */ = {isa = PBXFileReference; lastKnownFileType = sourcecode.swift; path = ImageSelectorController.swift; sourceTree = "<group>"; };
		D0A6B031277DE6EB007B198B /* NotificationController.swift */ = {isa = PBXFileReference; lastKnownFileType = sourcecode.swift; path = NotificationController.swift; sourceTree = "<group>"; };
		D0A6B033277DE703007B198B /* ProfileController.swift */ = {isa = PBXFileReference; lastKnownFileType = sourcecode.swift; path = ProfileController.swift; sourceTree = "<group>"; };
		D0A6B035277DED63007B198B /* Assets.xcassets */ = {isa = PBXFileReference; lastKnownFileType = folder.assetcatalog; name = Assets.xcassets; path = ../../_Instagram/Instagram/Assets.xcassets; sourceTree = "<group>"; };
		D0B0DA1927A595A7003C6EBC /* UserCellViewModel.swift */ = {isa = PBXFileReference; lastKnownFileType = sourcecode.swift; path = UserCellViewModel.swift; sourceTree = "<group>"; };
		E582499436126EB14C787E20 /* Pods-InstagramFirestoreTutorial.release.xcconfig */ = {isa = PBXFileReference; includeInIndex = 1; lastKnownFileType = text.xcconfig; name = "Pods-InstagramFirestoreTutorial.release.xcconfig"; path = "Target Support Files/Pods-InstagramFirestoreTutorial/Pods-InstagramFirestoreTutorial.release.xcconfig"; sourceTree = "<group>"; };
/* End PBXFileReference section */

/* Begin PBXFrameworksBuildPhase section */
		D0A6B006277DE18B007B198B /* Frameworks */ = {
			isa = PBXFrameworksBuildPhase;
			buildActionMask = 2147483647;
			files = (
				A3D65AB33E5E0169C653AC9A /* Pods_InstagramFirestoreTutorial.framework in Frameworks */,
			);
			runOnlyForDeploymentPostprocessing = 0;
		};
/* End PBXFrameworksBuildPhase section */

/* Begin PBXGroup section */
		0F0B4C3E63F99E35A648860C /* Pods */ = {
			isa = PBXGroup;
			children = (
				B8DB735D10E0B62EC65B1B75 /* Pods-InstagramFirestoreTutorial.debug.xcconfig */,
				E582499436126EB14C787E20 /* Pods-InstagramFirestoreTutorial.release.xcconfig */,
			);
			path = Pods;
			sourceTree = "<group>";
		};
		3A502D5EDED310724CB4D1D2 /* Frameworks */ = {
			isa = PBXGroup;
			children = (
				9C8696CC205D3A42BC3D458F /* Pods_InstagramFirestoreTutorial.framework */,
			);
			name = Frameworks;
			sourceTree = "<group>";
		};
		D015669B278C18CC00F4277B /* Profile */ = {
			isa = PBXGroup;
			children = (
				D0156699278C18BE00F4277B /* ProfileHeader.swift */,
				D0156697278C18AE00F4277B /* ProfileCell.swift */,
			);
			path = Profile;
			sourceTree = "<group>";
		};
		D087F32B278424A9006F620B /* Authentication */ = {
			isa = PBXGroup;
			children = (
				D087F32C278424BA006F620B /* LoginController.swift */,
				D087F32E278424CA006F620B /* RegistrationController.swift */,
			);
			path = Authentication;
			sourceTree = "<group>";
		};
		D0A6B000277DE18B007B198B = {
			isa = PBXGroup;
			children = (
				D07C04FE2787458C00B9E986 /* GoogleService-Info.plist */,
				D0A6B00B277DE18B007B198B /* InstagramFirestoreTutorial */,
				D0A6B00A277DE18B007B198B /* Products */,
				0F0B4C3E63F99E35A648860C /* Pods */,
				3A502D5EDED310724CB4D1D2 /* Frameworks */,
			);
			sourceTree = "<group>";
		};
		D0A6B00A277DE18B007B198B /* Products */ = {
			isa = PBXGroup;
			children = (
				D0A6B009277DE18B007B198B /* InstagramFirestoreTutorial.app */,
			);
			name = Products;
			sourceTree = "<group>";
		};
		D0A6B00B277DE18B007B198B /* InstagramFirestoreTutorial */ = {
			isa = PBXGroup;
			children = (
				D0A6B028277DE1ED007B198B /* Model */,
				D0A6B027277DE1EA007B198B /* View */,
				D0A6B026277DE1E7007B198B /* ViewModel */,
				D0A6B022277DE1D9007B198B /* Controller */,
				D0A6B021277DE1CD007B198B /* API */,
				D0A6B020277DE1B4007B198B /* Utils */,
				D0A6B00C277DE18B007B198B /* AppDelegate.swift */,
				D0A6B00E277DE18B007B198B /* SceneDelegate.swift */,
				D0A6B010277DE18B007B198B /* ViewController.swift */,
				D0A6B012277DE18B007B198B /* Main.storyboard */,
				D0A6B017277DE193007B198B /* LaunchScreen.storyboard */,
				D0A6B01A277DE193007B198B /* Info.plist */,
				D0A6B035277DED63007B198B /* Assets.xcassets */,
			);
			path = InstagramFirestoreTutorial;
			sourceTree = "<group>";
		};
		D0A6B020277DE1B4007B198B /* Utils */ = {
			isa = PBXGroup;
			children = (
				D087F321278202F4006F620B /* Extensions.swift */,
				D07841DB278DBFEA006163F0 /* Constants.swift */,
			);
			path = Utils;
			sourceTree = "<group>";
		};
		D0A6B021277DE1CD007B198B /* API */ = {
			isa = PBXGroup;
			children = (
				D07C05022788870900B9E986 /* ImageUploader.swift */,
				D07C0500278886F300B9E986 /* AuthService.swift */,
				D07841D9278DBFA0006163F0 /* UserService.swift */,
			);
			path = API;
			sourceTree = "<group>";
		};
		D0A6B022277DE1D9007B198B /* Controller */ = {
			isa = PBXGroup;
			children = (
				D087F32B278424A9006F620B /* Authentication */,
				D0A6B029277DE297007B198B /* MainTabController.swift */,
				D0A6B02B277DE6A8007B198B /* FeedController.swift */,
				D0A6B02D277DE6CA007B198B /* SearchController.swift */,
				D0A6B02F277DE6DA007B198B /* ImageSelectorController.swift */,
				D0A6B031277DE6EB007B198B /* NotificationController.swift */,
				D0A6B033277DE703007B198B /* ProfileController.swift */,
			);
			path = Controller;
			sourceTree = "<group>";
		};
		D0A6B026277DE1E7007B198B /* ViewModel */ = {
			isa = PBXGroup;
			children = (
				D087F3432785E550006F620B /* AuthenticationViewModel.swift */,
				D07B1FD927907E470010E0F0 /* ProfileHeaderViewModel.swift */,
				D0B0DA1927A595A7003C6EBC /* UserCellViewModel.swift */,
			);
			path = ViewModel;
			sourceTree = "<group>";
		};
		D0A6B027277DE1EA007B198B /* View */ = {
			isa = PBXGroup;
			children = (
				D015669B278C18CC00F4277B /* Profile */,
				D087F31F278201ED006F620B /* FeedCell.swift */,
				D087F332278484E4006F620B /* CustomTextField.swift */,
				D086DAF627A1930E00DC662D /* UserCell.swift */,
			);
			path = View;
			sourceTree = "<group>";
		};
		D0A6B028277DE1ED007B198B /* Model */ = {
			isa = PBXGroup;
			children = (
				D07841DD278DC1F3006163F0 /* Users.swift */,
			);
			path = Model;
			sourceTree = "<group>";
		};
/* End PBXGroup section */

/* Begin PBXNativeTarget section */
		D0A6B008277DE18B007B198B /* InstagramFirestoreTutorial */ = {
			isa = PBXNativeTarget;
			buildConfigurationList = D0A6B01D277DE193007B198B /* Build configuration list for PBXNativeTarget "InstagramFirestoreTutorial" */;
			buildPhases = (
				5894B611E6E20F4DC687974F /* [CP] Check Pods Manifest.lock */,
				D0A6B005277DE18B007B198B /* Sources */,
				D0A6B006277DE18B007B198B /* Frameworks */,
				D0A6B007277DE18B007B198B /* Resources */,
				A5BADAA5156CC37D7A79DBCC /* [CP] Embed Pods Frameworks */,
			);
			buildRules = (
			);
			dependencies = (
			);
			name = InstagramFirestoreTutorial;
			productName = InstagramFirestoreTutorial;
			productReference = D0A6B009277DE18B007B198B /* InstagramFirestoreTutorial.app */;
			productType = "com.apple.product-type.application";
		};
/* End PBXNativeTarget section */

/* Begin PBXProject section */
		D0A6B001277DE18B007B198B /* Project object */ = {
			isa = PBXProject;
			attributes = {
				BuildIndependentTargetsInParallel = 1;
				LastSwiftUpdateCheck = 1320;
				LastUpgradeCheck = 1320;
				TargetAttributes = {
					D0A6B008277DE18B007B198B = {
						CreatedOnToolsVersion = 13.2.1;
					};
				};
			};
			buildConfigurationList = D0A6B004277DE18B007B198B /* Build configuration list for PBXProject "InstagramFirestoreTutorial" */;
			compatibilityVersion = "Xcode 13.0";
			developmentRegion = en;
			hasScannedForEncodings = 0;
			knownRegions = (
				en,
				Base,
			);
			mainGroup = D0A6B000277DE18B007B198B;
			productRefGroup = D0A6B00A277DE18B007B198B /* Products */;
			projectDirPath = "";
			projectRoot = "";
			targets = (
				D0A6B008277DE18B007B198B /* InstagramFirestoreTutorial */,
			);
		};
/* End PBXProject section */

/* Begin PBXResourcesBuildPhase section */
		D0A6B007277DE18B007B198B /* Resources */ = {
			isa = PBXResourcesBuildPhase;
			buildActionMask = 2147483647;
			files = (
				D0A6B019277DE193007B198B /* LaunchScreen.storyboard in Resources */,
				D07C04FF2787458C00B9E986 /* GoogleService-Info.plist in Resources */,
				D0A6B036277DED64007B198B /* Assets.xcassets in Resources */,
				D0A6B014277DE18B007B198B /* Main.storyboard in Resources */,
			);
			runOnlyForDeploymentPostprocessing = 0;
		};
/* End PBXResourcesBuildPhase section */

/* Begin PBXShellScriptBuildPhase section */
		5894B611E6E20F4DC687974F /* [CP] Check Pods Manifest.lock */ = {
			isa = PBXShellScriptBuildPhase;
			buildActionMask = 2147483647;
			files = (
			);
			inputFileListPaths = (
			);
			inputPaths = (
				"${PODS_PODFILE_DIR_PATH}/Podfile.lock",
				"${PODS_ROOT}/Manifest.lock",
			);
			name = "[CP] Check Pods Manifest.lock";
			outputFileListPaths = (
			);
			outputPaths = (
				"$(DERIVED_FILE_DIR)/Pods-InstagramFirestoreTutorial-checkManifestLockResult.txt",
			);
			runOnlyForDeploymentPostprocessing = 0;
			shellPath = /bin/sh;
			shellScript = "diff \"${PODS_PODFILE_DIR_PATH}/Podfile.lock\" \"${PODS_ROOT}/Manifest.lock\" > /dev/null\nif [ $? != 0 ] ; then\n    # print error to STDERR\n    echo \"error: The sandbox is not in sync with the Podfile.lock. Run 'pod install' or update your CocoaPods installation.\" >&2\n    exit 1\nfi\n# This output is used by Xcode 'outputs' to avoid re-running this script phase.\necho \"SUCCESS\" > \"${SCRIPT_OUTPUT_FILE_0}\"\n";
			showEnvVarsInLog = 0;
		};
		A5BADAA5156CC37D7A79DBCC /* [CP] Embed Pods Frameworks */ = {
			isa = PBXShellScriptBuildPhase;
			buildActionMask = 2147483647;
			files = (
			);
			inputFileListPaths = (
				"${PODS_ROOT}/Target Support Files/Pods-InstagramFirestoreTutorial/Pods-InstagramFirestoreTutorial-frameworks-${CONFIGURATION}-input-files.xcfilelist",
			);
			name = "[CP] Embed Pods Frameworks";
			outputFileListPaths = (
				"${PODS_ROOT}/Target Support Files/Pods-InstagramFirestoreTutorial/Pods-InstagramFirestoreTutorial-frameworks-${CONFIGURATION}-output-files.xcfilelist",
			);
			runOnlyForDeploymentPostprocessing = 0;
			shellPath = /bin/sh;
			shellScript = "\"${PODS_ROOT}/Target Support Files/Pods-InstagramFirestoreTutorial/Pods-InstagramFirestoreTutorial-frameworks.sh\"\n";
			showEnvVarsInLog = 0;
		};
/* End PBXShellScriptBuildPhase section */

/* Begin PBXSourcesBuildPhase section */
		D0A6B005277DE18B007B198B /* Sources */ = {
			isa = PBXSourcesBuildPhase;
			buildActionMask = 2147483647;
			files = (
				D087F333278484E4006F620B /* CustomTextField.swift in Sources */,
				D015669A278C18BE00F4277B /* ProfileHeader.swift in Sources */,
				D0A6B02C277DE6A8007B198B /* FeedController.swift in Sources */,
				D07C05032788870900B9E986 /* ImageUploader.swift in Sources */,
				D087F32D278424BA006F620B /* LoginController.swift in Sources */,
				D087F320278201ED006F620B /* FeedCell.swift in Sources */,
				D0A6B030277DE6DB007B198B /* ImageSelectorController.swift in Sources */,
				D0A6B032277DE6EB007B198B /* NotificationController.swift in Sources */,
				D086DAF727A1930E00DC662D /* UserCell.swift in Sources */,
				D087F3442785E550006F620B /* AuthenticationViewModel.swift in Sources */,
				D0A6B02E277DE6CA007B198B /* SearchController.swift in Sources */,
				D07841DE278DC1F3006163F0 /* Users.swift in Sources */,
				D0A6B011277DE18B007B198B /* ViewController.swift in Sources */,
				D07B1FDA27907E470010E0F0 /* ProfileHeaderViewModel.swift in Sources */,
				D07841DC278DBFEA006163F0 /* Constants.swift in Sources */,
				D0A6B034277DE703007B198B /* ProfileController.swift in Sources */,
				D0B0DA1A27A595A7003C6EBC /* UserCellViewModel.swift in Sources */,
				D0A6B00D277DE18B007B198B /* AppDelegate.swift in Sources */,
				D0A6B02A277DE297007B198B /* MainTabController.swift in Sources */,
				D087F322278202F4006F620B /* Extensions.swift in Sources */,
				D0A6B00F277DE18B007B198B /* SceneDelegate.swift in Sources */,
				D07841DA278DBFA0006163F0 /* UserService.swift in Sources */,
				D0156698278C18AE00F4277B /* ProfileCell.swift in Sources */,
				D087F32F278424CA006F620B /* RegistrationController.swift in Sources */,
				D07C0501278886F300B9E986 /* AuthService.swift in Sources */,
			);
			runOnlyForDeploymentPostprocessing = 0;
		};
/* End PBXSourcesBuildPhase section */

/* Begin PBXVariantGroup section */
		D0A6B012277DE18B007B198B /* Main.storyboard */ = {
			isa = PBXVariantGroup;
			children = (
				D0A6B013277DE18B007B198B /* Base */,
			);
			name = Main.storyboard;
			sourceTree = "<group>";
		};
		D0A6B017277DE193007B198B /* LaunchScreen.storyboard */ = {
			isa = PBXVariantGroup;
			children = (
				D0A6B018277DE193007B198B /* Base */,
			);
			name = LaunchScreen.storyboard;
			sourceTree = "<group>";
		};
/* End PBXVariantGroup section */

/* Begin XCBuildConfiguration section */
		D0A6B01B277DE193007B198B /* Debug */ = {
			isa = XCBuildConfiguration;
			buildSettings = {
				ALWAYS_SEARCH_USER_PATHS = NO;
				CLANG_ANALYZER_NONNULL = YES;
				CLANG_ANALYZER_NUMBER_OBJECT_CONVERSION = YES_AGGRESSIVE;
				CLANG_CXX_LANGUAGE_STANDARD = "gnu++17";
				CLANG_CXX_LIBRARY = "libc++";
				CLANG_ENABLE_MODULES = YES;
				CLANG_ENABLE_OBJC_ARC = YES;
				CLANG_ENABLE_OBJC_WEAK = YES;
				CLANG_WARN_BLOCK_CAPTURE_AUTORELEASING = YES;
				CLANG_WARN_BOOL_CONVERSION = YES;
				CLANG_WARN_COMMA = YES;
				CLANG_WARN_CONSTANT_CONVERSION = YES;
				CLANG_WARN_DEPRECATED_OBJC_IMPLEMENTATIONS = YES;
				CLANG_WARN_DIRECT_OBJC_ISA_USAGE = YES_ERROR;
				CLANG_WARN_DOCUMENTATION_COMMENTS = YES;
				CLANG_WARN_EMPTY_BODY = YES;
				CLANG_WARN_ENUM_CONVERSION = YES;
				CLANG_WARN_INFINITE_RECURSION = YES;
				CLANG_WARN_INT_CONVERSION = YES;
				CLANG_WARN_NON_LITERAL_NULL_CONVERSION = YES;
				CLANG_WARN_OBJC_IMPLICIT_RETAIN_SELF = YES;
				CLANG_WARN_OBJC_LITERAL_CONVERSION = YES;
				CLANG_WARN_OBJC_ROOT_CLASS = YES_ERROR;
				CLANG_WARN_QUOTED_INCLUDE_IN_FRAMEWORK_HEADER = YES;
				CLANG_WARN_RANGE_LOOP_ANALYSIS = YES;
				CLANG_WARN_STRICT_PROTOTYPES = YES;
				CLANG_WARN_SUSPICIOUS_MOVE = YES;
				CLANG_WARN_UNGUARDED_AVAILABILITY = YES_AGGRESSIVE;
				CLANG_WARN_UNREACHABLE_CODE = YES;
				CLANG_WARN__DUPLICATE_METHOD_MATCH = YES;
				COPY_PHASE_STRIP = NO;
				DEBUG_INFORMATION_FORMAT = dwarf;
				ENABLE_STRICT_OBJC_MSGSEND = YES;
				ENABLE_TESTABILITY = YES;
				GCC_C_LANGUAGE_STANDARD = gnu11;
				GCC_DYNAMIC_NO_PIC = NO;
				GCC_NO_COMMON_BLOCKS = YES;
				GCC_OPTIMIZATION_LEVEL = 0;
				GCC_PREPROCESSOR_DEFINITIONS = (
					"DEBUG=1",
					"$(inherited)",
				);
				GCC_WARN_64_TO_32_BIT_CONVERSION = YES;
				GCC_WARN_ABOUT_RETURN_TYPE = YES_ERROR;
				GCC_WARN_UNDECLARED_SELECTOR = YES;
				GCC_WARN_UNINITIALIZED_AUTOS = YES_AGGRESSIVE;
				GCC_WARN_UNUSED_FUNCTION = YES;
				GCC_WARN_UNUSED_VARIABLE = YES;
				IPHONEOS_DEPLOYMENT_TARGET = 15.2;
				MTL_ENABLE_DEBUG_INFO = INCLUDE_SOURCE;
				MTL_FAST_MATH = YES;
				ONLY_ACTIVE_ARCH = YES;
				SDKROOT = iphoneos;
				SWIFT_ACTIVE_COMPILATION_CONDITIONS = DEBUG;
				SWIFT_OPTIMIZATION_LEVEL = "-Onone";
			};
			name = Debug;
		};
		D0A6B01C277DE193007B198B /* Release */ = {
			isa = XCBuildConfiguration;
			buildSettings = {
				ALWAYS_SEARCH_USER_PATHS = NO;
				CLANG_ANALYZER_NONNULL = YES;
				CLANG_ANALYZER_NUMBER_OBJECT_CONVERSION = YES_AGGRESSIVE;
				CLANG_CXX_LANGUAGE_STANDARD = "gnu++17";
				CLANG_CXX_LIBRARY = "libc++";
				CLANG_ENABLE_MODULES = YES;
				CLANG_ENABLE_OBJC_ARC = YES;
				CLANG_ENABLE_OBJC_WEAK = YES;
				CLANG_WARN_BLOCK_CAPTURE_AUTORELEASING = YES;
				CLANG_WARN_BOOL_CONVERSION = YES;
				CLANG_WARN_COMMA = YES;
				CLANG_WARN_CONSTANT_CONVERSION = YES;
				CLANG_WARN_DEPRECATED_OBJC_IMPLEMENTATIONS = YES;
				CLANG_WARN_DIRECT_OBJC_ISA_USAGE = YES_ERROR;
				CLANG_WARN_DOCUMENTATION_COMMENTS = YES;
				CLANG_WARN_EMPTY_BODY = YES;
				CLANG_WARN_ENUM_CONVERSION = YES;
				CLANG_WARN_INFINITE_RECURSION = YES;
				CLANG_WARN_INT_CONVERSION = YES;
				CLANG_WARN_NON_LITERAL_NULL_CONVERSION = YES;
				CLANG_WARN_OBJC_IMPLICIT_RETAIN_SELF = YES;
				CLANG_WARN_OBJC_LITERAL_CONVERSION = YES;
				CLANG_WARN_OBJC_ROOT_CLASS = YES_ERROR;
				CLANG_WARN_QUOTED_INCLUDE_IN_FRAMEWORK_HEADER = YES;
				CLANG_WARN_RANGE_LOOP_ANALYSIS = YES;
				CLANG_WARN_STRICT_PROTOTYPES = YES;
				CLANG_WARN_SUSPICIOUS_MOVE = YES;
				CLANG_WARN_UNGUARDED_AVAILABILITY = YES_AGGRESSIVE;
				CLANG_WARN_UNREACHABLE_CODE = YES;
				CLANG_WARN__DUPLICATE_METHOD_MATCH = YES;
				COPY_PHASE_STRIP = NO;
				DEBUG_INFORMATION_FORMAT = "dwarf-with-dsym";
				ENABLE_NS_ASSERTIONS = NO;
				ENABLE_STRICT_OBJC_MSGSEND = YES;
				GCC_C_LANGUAGE_STANDARD = gnu11;
				GCC_NO_COMMON_BLOCKS = YES;
				GCC_WARN_64_TO_32_BIT_CONVERSION = YES;
				GCC_WARN_ABOUT_RETURN_TYPE = YES_ERROR;
				GCC_WARN_UNDECLARED_SELECTOR = YES;
				GCC_WARN_UNINITIALIZED_AUTOS = YES_AGGRESSIVE;
				GCC_WARN_UNUSED_FUNCTION = YES;
				GCC_WARN_UNUSED_VARIABLE = YES;
				IPHONEOS_DEPLOYMENT_TARGET = 15.2;
				MTL_ENABLE_DEBUG_INFO = NO;
				MTL_FAST_MATH = YES;
				SDKROOT = iphoneos;
				SWIFT_COMPILATION_MODE = wholemodule;
				SWIFT_OPTIMIZATION_LEVEL = "-O";
				VALIDATE_PRODUCT = YES;
			};
			name = Release;
		};
		D0A6B01E277DE193007B198B /* Debug */ = {
			isa = XCBuildConfiguration;
			baseConfigurationReference = B8DB735D10E0B62EC65B1B75 /* Pods-InstagramFirestoreTutorial.debug.xcconfig */;
			buildSettings = {
				ASSETCATALOG_COMPILER_APPICON_NAME = AppIcon;
				ASSETCATALOG_COMPILER_GLOBAL_ACCENT_COLOR_NAME = AccentColor;
				CODE_SIGN_STYLE = Automatic;
				CURRENT_PROJECT_VERSION = 1;
				DEVELOPMENT_TEAM = 5H3B76C82P;
				GENERATE_INFOPLIST_FILE = YES;
				INFOPLIST_FILE = InstagramFirestoreTutorial/Info.plist;
				INFOPLIST_KEY_UIApplicationSupportsIndirectInputEvents = YES;
				INFOPLIST_KEY_UILaunchStoryboardName = LaunchScreen;
				INFOPLIST_KEY_UIMainStoryboardFile = Main;
				INFOPLIST_KEY_UISupportedInterfaceOrientations_iPad = "UIInterfaceOrientationPortrait UIInterfaceOrientationPortraitUpsideDown UIInterfaceOrientationLandscapeLeft UIInterfaceOrientationLandscapeRight";
				INFOPLIST_KEY_UISupportedInterfaceOrientations_iPhone = "UIInterfaceOrientationPortrait UIInterfaceOrientationLandscapeLeft UIInterfaceOrientationLandscapeRight";
				LD_RUNPATH_SEARCH_PATHS = (
					"$(inherited)",
					"@executable_path/Frameworks",
				);
				MARKETING_VERSION = 1.0;
				PRODUCT_BUNDLE_IDENTIFIER = justin.InstagramFirestoreTutorial;
				PRODUCT_NAME = "$(TARGET_NAME)";
				SWIFT_EMIT_LOC_STRINGS = YES;
				SWIFT_VERSION = 5.0;
				TARGETED_DEVICE_FAMILY = "1,2";
			};
			name = Debug;
		};
		D0A6B01F277DE193007B198B /* Release */ = {
			isa = XCBuildConfiguration;
			baseConfigurationReference = E582499436126EB14C787E20 /* Pods-InstagramFirestoreTutorial.release.xcconfig */;
			buildSettings = {
				ASSETCATALOG_COMPILER_APPICON_NAME = AppIcon;
				ASSETCATALOG_COMPILER_GLOBAL_ACCENT_COLOR_NAME = AccentColor;
				CODE_SIGN_STYLE = Automatic;
				CURRENT_PROJECT_VERSION = 1;
				DEVELOPMENT_TEAM = 5H3B76C82P;
				GENERATE_INFOPLIST_FILE = YES;
				INFOPLIST_FILE = InstagramFirestoreTutorial/Info.plist;
				INFOPLIST_KEY_UIApplicationSupportsIndirectInputEvents = YES;
				INFOPLIST_KEY_UILaunchStoryboardName = LaunchScreen;
				INFOPLIST_KEY_UIMainStoryboardFile = Main;
				INFOPLIST_KEY_UISupportedInterfaceOrientations_iPad = "UIInterfaceOrientationPortrait UIInterfaceOrientationPortraitUpsideDown UIInterfaceOrientationLandscapeLeft UIInterfaceOrientationLandscapeRight";
				INFOPLIST_KEY_UISupportedInterfaceOrientations_iPhone = "UIInterfaceOrientationPortrait UIInterfaceOrientationLandscapeLeft UIInterfaceOrientationLandscapeRight";
				LD_RUNPATH_SEARCH_PATHS = (
					"$(inherited)",
					"@executable_path/Frameworks",
				);
				MARKETING_VERSION = 1.0;
				PRODUCT_BUNDLE_IDENTIFIER = justin.InstagramFirestoreTutorial;
				PRODUCT_NAME = "$(TARGET_NAME)";
				SWIFT_EMIT_LOC_STRINGS = YES;
				SWIFT_VERSION = 5.0;
				TARGETED_DEVICE_FAMILY = "1,2";
			};
			name = Release;
		};
/* End XCBuildConfiguration section */

/* Begin XCConfigurationList section */
		D0A6B004277DE18B007B198B /* Build configuration list for PBXProject "InstagramFirestoreTutorial" */ = {
			isa = XCConfigurationList;
			buildConfigurations = (
				D0A6B01B277DE193007B198B /* Debug */,
				D0A6B01C277DE193007B198B /* Release */,
			);
			defaultConfigurationIsVisible = 0;
			defaultConfigurationName = Release;
		};
		D0A6B01D277DE193007B198B /* Build configuration list for PBXNativeTarget "InstagramFirestoreTutorial" */ = {
			isa = XCConfigurationList;
			buildConfigurations = (
				D0A6B01E277DE193007B198B /* Debug */,
				D0A6B01F277DE193007B198B /* Release */,
			);
			defaultConfigurationIsVisible = 0;
			defaultConfigurationName = Release;
		};
/* End XCConfigurationList section */
	};
	rootObject = D0A6B001277DE18B007B198B /* Project object */;
}
